
Microsoft Visual Studio Solution File, Format Version 12.00
# Visual Studio Version 17
VisualStudioVersion = 17.8.34330.188
MinimumVisualStudioVersion = 10.0.40219.1
Project("{9A19103F-16F7-4668-BE54-9A1E7A4F7556}") = "MockPaymentsAndSales", "MockPaymentsAndSales\MockPaymentsAndSales.csproj", "{38A78E48-E297-4DB9-8990-021FA597713E}"
EndProject
Project("{2150E333-8FDC-42A3-9474-1A3956D46DE8}") = "Solution Items", "Solution Items", "{C40472AA-C264-4885-851D-BEA892795089}"
	ProjectSection(SolutionItems) = preProject
		.editorconfig = .editorconfig
	EndProjectSection
EndProject
Global
	GlobalSection(SolutionConfigurationPlatforms) = preSolution
		Debug|Any CPU = Debug|Any CPU
		Release|Any CPU = Release|Any CPU
	EndGlobalSection
	GlobalSection(ProjectConfigurationPlatforms) = postSolution
		{38A78E48-E297-4DB9-8990-021FA597713E}.Debug|Any CPU.ActiveCfg = Debug|Any CPU
		{38A78E48-E297-4DB9-8990-021FA597713E}.Debug|Any CPU.Build.0 = Debug|Any CPU
		{38A78E48-E297-4DB9-8990-021FA597713E}.Release|Any CPU.ActiveCfg = Release|Any CPU
		{38A78E48-E297-4DB9-8990-021FA597713E}.Release|Any CPU.Build.0 = Release|Any CPU
	EndGlobalSection
	GlobalSection(SolutionProperties) = preSolution
		HideSolutionNode = FALSE
	EndGlobalSection
	GlobalSection(ExtensibilityGlobals) = postSolution
		SolutionGuid = {CAD52C6B-AD40-45A4-A7D0-E699FB3042C1}
	EndGlobalSection
EndGlobal
